
Microsoft Visual Studio Solution File, Format Version 12.00
# Visual Studio 15
VisualStudioVersion = 15.0.27004.2006
MinimumVisualStudioVersion = 10.0.40219.1
Project("{FAE04EC0-301F-11D3-BF4B-00C04F79EFBC}") = "Datalogger", "Datalogger.csproj", "{DD697D15-C805-4FE7-BD76-19A278B71547}"
EndProject
Global
	GlobalSection(SolutionConfigurationPlatforms) = preSolution
		Debug|Any CPU = Debug|Any CPU
		Release|Any CPU = Release|Any CPU
	EndGlobalSection
	GlobalSection(ProjectConfigurationPlatforms) = postSolution
		{DD697D15-C805-4FE7-BD76-19A278B71547}.Debug|Any CPU.ActiveCfg = Debug|Any CPU
		{DD697D15-C805-4FE7-BD76-19A278B71547}.Debug|Any CPU.Build.0 = Debug|Any CPU
		{DD697D15-C805-4FE7-BD76-19A278B71547}.Release|Any CPU.ActiveCfg = Release|Any CPU
		{DD697D15-C805-4FE7-BD76-19A278B71547}.Release|Any CPU.Build.0 = Release|Any CPU
	EndGlobalSection
	GlobalSection(SolutionProperties) = preSolution
		HideSolutionNode = FALSE
	EndGlobalSection
	GlobalSection(ExtensibilityGlobals) = postSolution
		SolutionGuid = {839C45F8-5B1F-487F-A118-7F340E14AEE7}
	EndGlobalSection
EndGlobal
